
Microsoft Visual Studio Solution File, Format Version 12.00
# Visual Studio Version 16
VisualStudioVersion = 16.0.30002.166
MinimumVisualStudioVersion = 10.0.40219.1
Project("{FAE04EC0-301F-11D3-BF4B-00C04F79EFBC}") = "PermacallWebApp", "PermacallWebApp\PermacallWebApp.csproj", "{38AB8E1B-D94D-4048-897D-0BBCAA74E935}"
EndProject
Project("{FAE04EC0-301F-11D3-BF4B-00C04F79EFBC}") = "PermacallTools", "PermacallTools\PermacallTools.csproj", "{3B90A8F9-D0B0-42D6-9794-4951067A4CE5}"
EndProject
Project("{FAE04EC0-301F-11D3-BF4B-00C04F79EFBC}") = "TSLogger", "TSLogger\TSLogger.csproj", "{AFC57CDF-AD88-4D44-912E-406233AD88A4}"
EndProject
Project("{9A19103F-16F7-4668-BE54-9A1E7A4F7556}") = "Tools", "Tools\Tools.csproj", "{3B87621B-AB33-4CC4-B50A-C5EB901F58E1}"
EndProject
Project("{FAE04EC0-301F-11D3-BF4B-00C04F79EFBC}") = "PCDataDLL_old", "PCDataDLL_old\PCDataDLL_old.csproj", "{FFF27272-08BC-4146-A5B8-E32C5CD1797F}"
EndProject
Project("{9A19103F-16F7-4668-BE54-9A1E7A4F7556}") = "PCDataDLL", "PCDataDLL\PCDataDLL.csproj", "{B8BAE22A-6E8C-459D-9ACE-53F1E0484977}"
EndProject
Project("{9A19103F-16F7-4668-BE54-9A1E7A4F7556}") = "PCAuthLibCore", "PCAuthLibCore\PCAuthLibCore.csproj", "{B9BA424F-E284-4CE8-A7E5-28A81C0AEFFE}"
EndProject
Project("{FAE04EC0-301F-11D3-BF4B-00C04F79EFBC}") = "PCAuthLib", "PCAuthLib\PCAuthLib.csproj", "{0B819A53-4E74-4157-8588-F6FAD7253C3E}"
EndProject
Global
	GlobalSection(SolutionConfigurationPlatforms) = preSolution
		Debug|Any CPU = Debug|Any CPU
		Release|Any CPU = Release|Any CPU
	EndGlobalSection
	GlobalSection(ProjectConfigurationPlatforms) = postSolution
		{38AB8E1B-D94D-4048-897D-0BBCAA74E935}.Debug|Any CPU.ActiveCfg = Debug|Any CPU
		{38AB8E1B-D94D-4048-897D-0BBCAA74E935}.Debug|Any CPU.Build.0 = Debug|Any CPU
		{38AB8E1B-D94D-4048-897D-0BBCAA74E935}.Release|Any CPU.ActiveCfg = Release|Any CPU
		{38AB8E1B-D94D-4048-897D-0BBCAA74E935}.Release|Any CPU.Build.0 = Release|Any CPU
		{3B90A8F9-D0B0-42D6-9794-4951067A4CE5}.Debug|Any CPU.ActiveCfg = Debug|Any CPU
		{3B90A8F9-D0B0-42D6-9794-4951067A4CE5}.Debug|Any CPU.Build.0 = Debug|Any CPU
		{3B90A8F9-D0B0-42D6-9794-4951067A4CE5}.Release|Any CPU.ActiveCfg = Release|Any CPU
		{3B90A8F9-D0B0-42D6-9794-4951067A4CE5}.Release|Any CPU.Build.0 = Release|Any CPU
		{AFC57CDF-AD88-4D44-912E-406233AD88A4}.Debug|Any CPU.ActiveCfg = Debug|Any CPU
		{AFC57CDF-AD88-4D44-912E-406233AD88A4}.Debug|Any CPU.Build.0 = Debug|Any CPU
		{AFC57CDF-AD88-4D44-912E-406233AD88A4}.Release|Any CPU.ActiveCfg = Release|Any CPU
		{AFC57CDF-AD88-4D44-912E-406233AD88A4}.Release|Any CPU.Build.0 = Release|Any CPU
		{3B87621B-AB33-4CC4-B50A-C5EB901F58E1}.Debug|Any CPU.ActiveCfg = Debug|Any CPU
		{3B87621B-AB33-4CC4-B50A-C5EB901F58E1}.Debug|Any CPU.Build.0 = Debug|Any CPU
		{3B87621B-AB33-4CC4-B50A-C5EB901F58E1}.Release|Any CPU.ActiveCfg = Release|Any CPU
		{3B87621B-AB33-4CC4-B50A-C5EB901F58E1}.Release|Any CPU.Build.0 = Release|Any CPU
		{FFF27272-08BC-4146-A5B8-E32C5CD1797F}.Debug|Any CPU.ActiveCfg = Debug|Any CPU
		{FFF27272-08BC-4146-A5B8-E32C5CD1797F}.Debug|Any CPU.Build.0 = Debug|Any CPU
		{FFF27272-08BC-4146-A5B8-E32C5CD1797F}.Release|Any CPU.ActiveCfg = Release|Any CPU
		{FFF27272-08BC-4146-A5B8-E32C5CD1797F}.Release|Any CPU.Build.0 = Release|Any CPU
		{B8BAE22A-6E8C-459D-9ACE-53F1E0484977}.Debug|Any CPU.ActiveCfg = Debug|Any CPU
		{B8BAE22A-6E8C-459D-9ACE-53F1E0484977}.Debug|Any CPU.Build.0 = Debug|Any CPU
		{B8BAE22A-6E8C-459D-9ACE-53F1E0484977}.Release|Any CPU.ActiveCfg = Release|Any CPU
		{B8BAE22A-6E8C-459D-9ACE-53F1E0484977}.Release|Any CPU.Build.0 = Release|Any CPU
		{B9BA424F-E284-4CE8-A7E5-28A81C0AEFFE}.Debug|Any CPU.ActiveCfg = Debug|Any CPU
		{B9BA424F-E284-4CE8-A7E5-28A81C0AEFFE}.Debug|Any CPU.Build.0 = Debug|Any CPU
		{B9BA424F-E284-4CE8-A7E5-28A81C0AEFFE}.Release|Any CPU.ActiveCfg = Release|Any CPU
		{B9BA424F-E284-4CE8-A7E5-28A81C0AEFFE}.Release|Any CPU.Build.0 = Release|Any CPU
		{0B819A53-4E74-4157-8588-F6FAD7253C3E}.Debug|Any CPU.ActiveCfg = Debug|Any CPU
		{0B819A53-4E74-4157-8588-F6FAD7253C3E}.Debug|Any CPU.Build.0 = Debug|Any CPU
		{0B819A53-4E74-4157-8588-F6FAD7253C3E}.Release|Any CPU.ActiveCfg = Release|Any CPU
		{0B819A53-4E74-4157-8588-F6FAD7253C3E}.Release|Any CPU.Build.0 = Release|Any CPU
	EndGlobalSection
	GlobalSection(SolutionProperties) = preSolution
		HideSolutionNode = FALSE
	EndGlobalSection
	GlobalSection(ExtensibilityGlobals) = postSolution
		SolutionGuid = {FF17F272-ED04-472E-84CE-B22D954582A6}
	EndGlobalSection
EndGlobal
